PODS:
  - YKPhotoCircleCrop (1.3.4)

DEPENDENCIES:
  - YKPhotoCircleCrop (from `../`)

EXTERNAL SOURCES:
  YKPhotoCircleCrop:
    :path: "../"

SPEC CHECKSUMS:
  YKPhotoCircleCrop: 2d749949a8c3ddf2e9255ec40ff1df17b6cd6016

PODFILE CHECKSUM: 1dcc6cf2f0296a6fd8f970d9af33ca2eed2482b1

COCOAPODS: 1.5.3
