PODS:
  - YKPhotoCircleCrop (1.3.1)

DEPENDENCIES:
  - YKPhotoCircleCrop (from `../`)

EXTERNAL SOURCES:
  YKPhotoCircleCrop:
    :path: "../"

SPEC CHECKSUMS:
  YKPhotoCircleCrop: 7cdbea03a28738a41dd873b86ed42284d124993d

PODFILE CHECKSUM: 890536092f526b90bb6cea3344b91a155b35e85b

COCOAPODS: 1.5.2
